{
    "_readme": [
        "This file locks the dependencies of your project to a known state",
        "Read more about it at https://getcomposer.org/doc/01-basic-usage.md#composer-lock-the-lock-file",
        "This file is @generated automatically"
    ],
    "hash": "7c33f4b0cecab36c1fe83d1ea5fabb97",
    "content-hash": "99ba6aae1b4c89e67caf802d167cd6aa",
    "packages": [
        {
            "name": "abraham/twitteroauth",
            "version": "0.6.2",
            "source": {
                "type": "git",
                "url": "https://github.com/abraham/twitteroauth.git",
                "reference": "d4fc4a3c36f5ecdfc8865ab1e7cefc432e49491c"
            },
            "dist": {
                "type": "zip",
                "url": "https://api.github.com/repos/abraham/twitteroauth/zipball/d4fc4a3c36f5ecdfc8865ab1e7cefc432e49491c",
                "reference": "d4fc4a3c36f5ecdfc8865ab1e7cefc432e49491c",
                "shasum": ""
            },
            "require": {
                "ext-curl": "*",
                "php": ">=5.5.0"
            },
            "require-dev": {
                "phpmd/phpmd": "2.2.*",
                "phpunit/phpunit": "4.7.*",
                "squizlabs/php_codesniffer": "2.3.*"
            },
            "type": "library",
            "autoload": {
                "psr-4": {
                    "Abraham\\TwitterOAuth\\": "src"
                }
            },
            "notification-url": "https://packagist.org/downloads/",
            "license": [
                "MIT"
            ],
            "authors": [
                {
                    "name": "Abraham Williams",
                    "email": "abraham@abrah.am",
                    "homepage": "https://abrah.am",
                    "role": "Developer"
                }
            ],
            "description": "The most popular PHP library for use with the Twitter OAuth REST API.",
            "homepage": "https://twitteroauth.com",
            "keywords": [
                "Twitter API",
                "Twitter oAuth",
                "api",
                "oauth",
                "rest",
                "social",
                "twitter"
            ],
            "time": "2015-11-05 04:04:20"
        },
        {
            "name": "doctrine/inflector",
            "version": "v1.1.0",
            "source": {
                "type": "git",
                "url": "https://github.com/doctrine/inflector.git",
                "reference": "90b2128806bfde671b6952ab8bea493942c1fdae"
            },
            "dist": {
                "type": "zip",
                "url": "https://api.github.com/repos/doctrine/inflector/zipball/90b2128806bfde671b6952ab8bea493942c1fdae",
                "reference": "90b2128806bfde671b6952ab8bea493942c1fdae",
                "shasum": ""
            },
            "require": {
                "php": ">=5.3.2"
            },
            "require-dev": {
                "phpunit/phpunit": "4.*"
            },
            "type": "library",
            "extra": {
                "branch-alias": {
                    "dev-master": "1.1.x-dev"
                }
            },
            "autoload": {
                "psr-0": {
                    "Doctrine\\Common\\Inflector\\": "lib/"
                }
            },
            "notification-url": "https://packagist.org/downloads/",
            "license": [
                "MIT"
            ],
            "authors": [
                {
                    "name": "Roman Borschel",
                    "email": "roman@code-factory.org"
                },
                {
                    "name": "Benjamin Eberlei",
                    "email": "kontakt@beberlei.de"
                },
                {
                    "name": "Guilherme Blanco",
                    "email": "guilhermeblanco@gmail.com"
                },
                {
                    "name": "Jonathan Wage",
                    "email": "jonwage@gmail.com"
                },
                {
                    "name": "Johannes Schmitt",
                    "email": "schmittjoh@gmail.com"
                }
            ],
            "description": "Common String Manipulations with regard to casing and singular/plural rules.",
            "homepage": "http://www.doctrine-project.org",
            "keywords": [
                "inflection",
                "pluralize",
                "singularize",
                "string"
            ],
            "time": "2015-11-06 14:35:42"
        },
        {
            "name": "eher/oauth",
            "version": "1.0.7",
            "source": {
                "type": "git",
                "url": "https://github.com/EHER/OAuth.git",
                "reference": "935c1f7709d1c1457de9e250d0e5f29cac06e507"
            },
            "dist": {
                "type": "zip",
                "url": "https://api.github.com/repos/EHER/OAuth/zipball/935c1f7709d1c1457de9e250d0e5f29cac06e507",
                "reference": "935c1f7709d1c1457de9e250d0e5f29cac06e507",
                "shasum": ""
            },
            "require": {
                "php": ">=5.3.0"
            },
            "require-dev": {
                "eher/phpunit": "1.6"
            },
            "type": "library",
            "autoload": {
                "psr-0": {
                    "Eher\\OAuth": "src"
                }
            },
            "notification-url": "https://packagist.org/downloads/",
            "license": [
                "BSD-3-Clause"
            ],
            "description": "OAuth 1 PHP Library",
            "time": "2012-12-13 23:48:10"
        },
        {
            "name": "facebook/php-sdk-v4",
            "version": "5.1.2",
            "source": {
                "type": "git",
                "url": "https://github.com/facebook/facebook-php-sdk-v4.git",
                "reference": "2c42fb3002953355f12d3c6e8003a9fd5af563d9"
            },
            "dist": {
                "type": "zip",
                "url": "https://api.github.com/repos/facebook/facebook-php-sdk-v4/zipball/2c42fb3002953355f12d3c6e8003a9fd5af563d9",
                "reference": "2c42fb3002953355f12d3c6e8003a9fd5af563d9",
                "shasum": ""
            },
            "require": {
                "ext-mbstring": "*",
                "php": ">=5.4.0"
            },
            "require-dev": {
                "guzzlehttp/guzzle": "~5.0",
                "mockery/mockery": "~0.8",
                "phpunit/phpunit": "~4.0"
            },
            "suggest": {
                "guzzlehttp/guzzle": "Allows for implementation of the Guzzle HTTP client"
            },
            "type": "library",
            "extra": {
                "branch-alias": {
                    "dev-master": "5.x-dev"
                }
            },
            "autoload": {
                "psr-4": {
                    "Facebook\\": "src/Facebook/"
                }
            },
            "notification-url": "https://packagist.org/downloads/",
            "license": [
                "Facebook Platform"
            ],
            "authors": [
                {
                    "name": "Facebook",
                    "homepage": "https://github.com/facebook/facebook-php-sdk-v4/contributors"
                }
            ],
            "description": "Facebook SDK for PHP",
            "homepage": "https://github.com/facebook/facebook-php-sdk-v4",
            "keywords": [
                "facebook",
                "sdk"
            ],
            "time": "2015-11-19 21:07:36"
        },
        {
            "name": "guzzle/guzzle",
            "version": "v3.9.3",
            "source": {
                "type": "git",
                "url": "https://github.com/guzzle/guzzle3.git",
                "reference": "0645b70d953bc1c067bbc8d5bc53194706b628d9"
            },
            "dist": {
                "type": "zip",
                "url": "https://api.github.com/repos/guzzle/guzzle3/zipball/0645b70d953bc1c067bbc8d5bc53194706b628d9",
                "reference": "0645b70d953bc1c067bbc8d5bc53194706b628d9",
                "shasum": ""
            },
            "require": {
                "ext-curl": "*",
                "php": ">=5.3.3",
                "symfony/event-dispatcher": "~2.1"
            },
            "replace": {
                "guzzle/batch": "self.version",
                "guzzle/cache": "self.version",
                "guzzle/common": "self.version",
                "guzzle/http": "self.version",
                "guzzle/inflection": "self.version",
                "guzzle/iterator": "self.version",
                "guzzle/log": "self.version",
                "guzzle/parser": "self.version",
                "guzzle/plugin": "self.version",
                "guzzle/plugin-async": "self.version",
                "guzzle/plugin-backoff": "self.version",
                "guzzle/plugin-cache": "self.version",
                "guzzle/plugin-cookie": "self.version",
                "guzzle/plugin-curlauth": "self.version",
                "guzzle/plugin-error-response": "self.version",
                "guzzle/plugin-history": "self.version",
                "guzzle/plugin-log": "self.version",
                "guzzle/plugin-md5": "self.version",
                "guzzle/plugin-mock": "self.version",
                "guzzle/plugin-oauth": "self.version",
                "guzzle/service": "self.version",
                "guzzle/stream": "self.version"
            },
            "require-dev": {
                "doctrine/cache": "~1.3",
                "monolog/monolog": "~1.0",
                "phpunit/phpunit": "3.7.*",
                "psr/log": "~1.0",
                "symfony/class-loader": "~2.1",
                "zendframework/zend-cache": "2.*,<2.3",
                "zendframework/zend-log": "2.*,<2.3"
            },
            "suggest": {
                "guzzlehttp/guzzle": "Guzzle 5 has moved to a new package name. The package you have installed, Guzzle 3, is deprecated."
            },
            "type": "library",
            "extra": {
                "branch-alias": {
                    "dev-master": "3.9-dev"
                }
            },
            "autoload": {
                "psr-0": {
                    "Guzzle": "src/",
                    "Guzzle\\Tests": "tests/"
                }
            },
            "notification-url": "https://packagist.org/downloads/",
            "license": [
                "MIT"
            ],
            "authors": [
                {
                    "name": "Michael Dowling",
                    "email": "mtdowling@gmail.com",
                    "homepage": "https://github.com/mtdowling"
                },
                {
                    "name": "Guzzle Community",
                    "homepage": "https://github.com/guzzle/guzzle/contributors"
                }
            ],
            "description": "PHP HTTP client. This library is deprecated in favor of https://packagist.org/packages/guzzlehttp/guzzle",
            "homepage": "http://guzzlephp.org/",
            "keywords": [
                "client",
                "curl",
                "framework",
                "http",
                "http client",
                "rest",
                "web service"
            ],
            "time": "2015-03-18 18:23:50"
        },
        {
            "name": "guzzlehttp/guzzle",
            "version": "6.1.1",
            "source": {
                "type": "git",
                "url": "https://github.com/guzzle/guzzle.git",
                "reference": "c6851d6e48f63b69357cbfa55bca116448140e0c"
            },
            "dist": {
                "type": "zip",
                "url": "https://api.github.com/repos/guzzle/guzzle/zipball/c6851d6e48f63b69357cbfa55bca116448140e0c",
                "reference": "c6851d6e48f63b69357cbfa55bca116448140e0c",
                "shasum": ""
            },
            "require": {
                "guzzlehttp/promises": "~1.0",
                "guzzlehttp/psr7": "~1.1",
                "php": ">=5.5.0"
            },
            "require-dev": {
                "ext-curl": "*",
                "phpunit/phpunit": "~4.0",
                "psr/log": "~1.0"
            },
            "type": "library",
            "extra": {
                "branch-alias": {
                    "dev-master": "6.1-dev"
                }
            },
            "autoload": {
                "files": [
                    "src/functions_include.php"
                ],
                "psr-4": {
                    "GuzzleHttp\\": "src/"
                }
            },
            "notification-url": "https://packagist.org/downloads/",
            "license": [
                "MIT"
            ],
            "authors": [
                {
                    "name": "Michael Dowling",
                    "email": "mtdowling@gmail.com",
                    "homepage": "https://github.com/mtdowling"
                }
            ],
            "description": "Guzzle is a PHP HTTP client library",
            "homepage": "http://guzzlephp.org/",
            "keywords": [
                "client",
                "curl",
                "framework",
                "http",
                "http client",
                "rest",
                "web service"
            ],
            "time": "2015-11-23 00:47:50"
        },
        {
            "name": "guzzlehttp/promises",
            "version": "1.0.3",
            "source": {
                "type": "git",
                "url": "https://github.com/guzzle/promises.git",
                "reference": "b1e1c0d55f8083c71eda2c28c12a228d708294ea"
            },
            "dist": {
                "type": "zip",
                "url": "https://api.github.com/repos/guzzle/promises/zipball/b1e1c0d55f8083c71eda2c28c12a228d708294ea",
                "reference": "b1e1c0d55f8083c71eda2c28c12a228d708294ea",
                "shasum": ""
            },
            "require": {
                "php": ">=5.5.0"
            },
            "require-dev": {
                "phpunit/phpunit": "~4.0"
            },
            "type": "library",
            "extra": {
                "branch-alias": {
                    "dev-master": "1.0-dev"
                }
            },
            "autoload": {
                "psr-4": {
                    "GuzzleHttp\\Promise\\": "src/"
                },
                "files": [
                    "src/functions_include.php"
                ]
            },
            "notification-url": "https://packagist.org/downloads/",
            "license": [
                "MIT"
            ],
            "authors": [
                {
                    "name": "Michael Dowling",
                    "email": "mtdowling@gmail.com",
                    "homepage": "https://github.com/mtdowling"
                }
            ],
            "description": "Guzzle promises library",
            "keywords": [
                "promise"
            ],
            "time": "2015-10-15 22:28:00"
        },
        {
            "name": "guzzlehttp/psr7",
            "version": "1.2.1",
            "source": {
                "type": "git",
                "url": "https://github.com/guzzle/psr7.git",
                "reference": "4d0bdbe1206df7440219ce14c972aa57cc5e4982"
            },
            "dist": {
                "type": "zip",
                "url": "https://api.github.com/repos/guzzle/psr7/zipball/4d0bdbe1206df7440219ce14c972aa57cc5e4982",
                "reference": "4d0bdbe1206df7440219ce14c972aa57cc5e4982",
                "shasum": ""
            },
            "require": {
                "php": ">=5.4.0",
                "psr/http-message": "~1.0"
            },
            "provide": {
                "psr/http-message-implementation": "1.0"
            },
            "require-dev": {
                "phpunit/phpunit": "~4.0"
            },
            "type": "library",
            "extra": {
                "branch-alias": {
                    "dev-master": "1.0-dev"
                }
            },
            "autoload": {
                "psr-4": {
                    "GuzzleHttp\\Psr7\\": "src/"
                },
                "files": [
                    "src/functions_include.php"
                ]
            },
            "notification-url": "https://packagist.org/downloads/",
            "license": [
                "MIT"
            ],
            "authors": [
                {
                    "name": "Michael Dowling",
                    "email": "mtdowling@gmail.com",
                    "homepage": "https://github.com/mtdowling"
                }
            ],
            "description": "PSR-7 message implementation",
            "keywords": [
                "http",
                "message",
                "stream",
                "uri"
            ],
            "time": "2015-11-03 01:34:55"
        },
        {
            "name": "illuminate/contracts",
            "version": "v5.2.0",
            "source": {
                "type": "git",
                "url": "https://github.com/illuminate/contracts.git",
                "reference": "51b3acf96a12f5a10d767d5f2a534fed6f304235"
            },
            "dist": {
                "type": "zip",
                "url": "https://api.github.com/repos/illuminate/contracts/zipball/51b3acf96a12f5a10d767d5f2a534fed6f304235",
                "reference": "51b3acf96a12f5a10d767d5f2a534fed6f304235",
                "shasum": ""
            },
            "require": {
                "php": ">=5.5.9"
            },
            "type": "library",
            "extra": {
                "branch-alias": {
                    "dev-master": "5.2-dev"
                }
            },
            "autoload": {
                "psr-4": {
                    "Illuminate\\Contracts\\": ""
                }
            },
            "notification-url": "https://packagist.org/downloads/",
            "license": [
                "MIT"
            ],
            "authors": [
                {
                    "name": "Taylor Otwell",
                    "email": "taylorotwell@gmail.com"
                }
            ],
            "description": "The Illuminate Contracts package.",
            "homepage": "http://laravel.com",
            "time": "2015-12-19 14:25:38"
        },
        {
            "name": "illuminate/support",
            "version": "v5.2.0",
            "source": {
                "type": "git",
                "url": "https://github.com/illuminate/support.git",
                "reference": "0b25fb20b0c75392b0b3848fe067275c51235e37"
            },
            "dist": {
                "type": "zip",
                "url": "https://api.github.com/repos/illuminate/support/zipball/0b25fb20b0c75392b0b3848fe067275c51235e37",
                "reference": "0b25fb20b0c75392b0b3848fe067275c51235e37",
                "shasum": ""
            },
            "require": {
                "doctrine/inflector": "~1.0",
                "ext-mbstring": "*",
                "illuminate/contracts": "5.2.*",
                "php": ">=5.5.9"
            },
            "suggest": {
                "illuminate/filesystem": "Required to use the composer class (5.2.*).",
                "jeremeamia/superclosure": "Required to be able to serialize closures (~2.2).",
                "paragonie/random_compat": "Provides a compatible interface like PHP7's random_bytes() in PHP 5 projects (~1.1).",
                "symfony/polyfill-php56": "Required to use the hash_equals function on PHP 5.5 (~1.0).",
                "symfony/process": "Required to use the composer class (2.8.*|3.0.*).",
                "symfony/var-dumper": "Improves the dd function (2.8.*|3.0.*)."
            },
            "type": "library",
            "extra": {
                "branch-alias": {
                    "dev-master": "5.2-dev"
                }
            },
            "autoload": {
                "psr-4": {
                    "Illuminate\\Support\\": ""
                },
                "files": [
                    "helpers.php"
                ]
            },
            "notification-url": "https://packagist.org/downloads/",
            "license": [
                "MIT"
            ],
            "authors": [
                {
                    "name": "Taylor Otwell",
                    "email": "taylorotwell@gmail.com"
                }
            ],
            "description": "The Illuminate Support package.",
            "homepage": "http://laravel.com",
            "time": "2015-12-07 16:09:55"
        },
        {
            "name": "mustache/mustache",
            "version": "v2.9.0",
            "source": {
                "type": "git",
                "url": "https://github.com/bobthecow/mustache.php.git",
                "reference": "c745b01956caf27d26b55a72a90aff56bc169cd6"
            },
            "dist": {
                "type": "zip",
                "url": "https://api.github.com/repos/bobthecow/mustache.php/zipball/c745b01956caf27d26b55a72a90aff56bc169cd6",
                "reference": "c745b01956caf27d26b55a72a90aff56bc169cd6",
                "shasum": ""
            },
            "require": {
                "php": ">=5.2.4"
            },
            "require-dev": {
                "fabpot/php-cs-fixer": "~1.6",
                "phpunit/phpunit": "~3.7|~4.0"
            },
            "type": "library",
            "autoload": {
                "psr-0": {
                    "Mustache": "src/"
                }
            },
            "notification-url": "https://packagist.org/downloads/",
            "license": [
                "MIT"
            ],
            "authors": [
                {
                    "name": "Justin Hileman",
                    "email": "justin@justinhileman.info",
                    "homepage": "http://justinhileman.com"
                }
            ],
            "description": "A Mustache implementation in PHP.",
            "homepage": "https://github.com/bobthecow/mustache.php",
            "keywords": [
                "mustache",
                "templating"
            ],
            "time": "2015-08-15 19:23:13"
        },
        {
            "name": "pacely/mailchimp-apiv3",
            "version": "dev-master",
            "source": {
                "type": "git",
                "url": "https://github.com/pacely/mailchimp-api-v3.git",
                "reference": "48c28f058b21a756eadcb743b193d64438037c7d"
            },
            "dist": {
                "type": "zip",
                "url": "https://api.github.com/repos/pacely/mailchimp-api-v3/zipball/48c28f058b21a756eadcb743b193d64438037c7d",
                "reference": "48c28f058b21a756eadcb743b193d64438037c7d",
                "shasum": ""
            },
            "require": {
                "guzzlehttp/guzzle": "~6.0",
                "illuminate/support": "~5.0",
                "php": ">=5.5.0"
            },
            "require-dev": {
                "phpspec/phpspec": "~2.2"
            },
            "type": "library",
            "extra": {
                "branch-alias": {
                    "dev-master": "1.0-dev"
                }
            },
            "autoload": {
                "psr-4": {
                    "Mailchimp\\": "src/"
                }
            },
            "notification-url": "https://packagist.org/downloads/",
            "license": [
                "MIT"
            ],
            "authors": [
                {
                    "name": "Chris Magnussen",
                    "email": "chris@hirvi.no"
                }
            ],
            "description": "Simple API wrapper for Mailchimp API V3",
            "keywords": [
                "api",
                "mailchimp",
                "php",
                "v3"
            ],
            "time": "2015-11-21 12:39:58"
        },
        {
            "name": "phpmailer/phpmailer",
            "version": "v5.2.14",
            "source": {
                "type": "git",
                "url": "https://github.com/PHPMailer/PHPMailer.git",
                "reference": "e774bc9152de85547336e22b8926189e582ece95"
            },
            "dist": {
                "type": "zip",
                "url": "https://api.github.com/repos/PHPMailer/PHPMailer/zipball/e774bc9152de85547336e22b8926189e582ece95",
                "reference": "e774bc9152de85547336e22b8926189e582ece95",
                "shasum": ""
            },
            "require": {
                "php": ">=5.0.0"
            },
            "require-dev": {
                "phpdocumentor/phpdocumentor": "*",
                "phpunit/phpunit": "4.7.*"
            },
            "suggest": {
                "league/oauth2-client": "Needed for XOAUTH2 authentication",
                "league/oauth2-google": "Needed for Gmail XOAUTH2"
            },
            "type": "library",
            "autoload": {
                "classmap": [
                    "class.phpmailer.php",
                    "class.phpmaileroauth.php",
                    "class.phpmaileroauthgoogle.php",
                    "class.smtp.php",
                    "class.pop3.php",
                    "extras/EasyPeasyICS.php",
                    "extras/ntlm_sasl_client.php"
                ]
            },
            "notification-url": "https://packagist.org/downloads/",
            "license": [
                "LGPL-2.1"
            ],
            "authors": [
                {
                    "name": "Jim Jagielski",
                    "email": "jimjag@gmail.com"
                },
                {
                    "name": "Marcus Bointon",
                    "email": "phpmailer@synchromedia.co.uk"
                },
                {
                    "name": "Andy Prevost",
                    "email": "codeworxtech@users.sourceforge.net"
                },
                {
                    "name": "Brent R. Matzelle"
                }
            ],
            "description": "PHPMailer is a full-featured email creation and transfer class for PHP",
            "time": "2015-11-01 10:15:28"
        },
        {
            "name": "psr/http-message",
            "version": "1.0",
            "source": {
                "type": "git",
                "url": "https://github.com/php-fig/http-message.git",
                "reference": "85d63699f0dbedb190bbd4b0d2b9dc707ea4c298"
            },
            "dist": {
                "type": "zip",
                "url": "https://api.github.com/repos/php-fig/http-message/zipball/85d63699f0dbedb190bbd4b0d2b9dc707ea4c298",
                "reference": "85d63699f0dbedb190bbd4b0d2b9dc707ea4c298",
                "shasum": ""
            },
            "require": {
                "php": ">=5.3.0"
            },
            "type": "library",
            "extra": {
                "branch-alias": {
                    "dev-master": "1.0.x-dev"
                }
            },
            "autoload": {
                "psr-4": {
                    "Psr\\Http\\Message\\": "src/"
                }
            },
            "notification-url": "https://packagist.org/downloads/",
            "license": [
                "MIT"
            ],
            "authors": [
                {
                    "name": "PHP-FIG",
                    "homepage": "http://www.php-fig.org/"
                }
            ],
            "description": "Common interface for HTTP messages",
            "keywords": [
                "http",
                "http-message",
                "psr",
                "psr-7",
                "request",
                "response"
            ],
            "time": "2015-05-04 20:22:00"
        },
        {
            "name": "sendgrid/sendgrid",
            "version": "4.0.2",
            "source": {
                "type": "git",
                "url": "https://github.com/sendgrid/sendgrid-php.git",
                "reference": "ebf68af9d4158450b6d673bf6d31ff5297057882"
            },
            "dist": {
                "type": "zip",
                "url": "https://api.github.com/repos/sendgrid/sendgrid-php/zipball/ebf68af9d4158450b6d673bf6d31ff5297057882",
                "reference": "ebf68af9d4158450b6d673bf6d31ff5297057882",
                "shasum": ""
            },
            "require": {
                "guzzle/guzzle": "~3.9",
                "php": ">=5.3",
                "sendgrid/smtpapi": "~0.5"
            },
            "replace": {
                "sendgrid/sendgrid-php": "*"
            },
            "require-dev": {
                "mockery/mockery": "~0.9",
                "phpunit/phpunit": "~4.4",
                "vlucas/phpdotenv": "~1.0"
            },
            "type": "library",
            "autoload": {
                "psr-0": {
                    "SendGrid": "lib/"
                }
            },
            "notification-url": "https://packagist.org/downloads/",
            "license": [
                "MIT"
            ],
            "description": "This library allows you to quickly and easily send emails through SendGrid using PHP.",
            "homepage": "http://github.com/sendgrid/sendgrid-php",
            "keywords": [
                "email",
                "grid",
                "send",
                "sendgrid"
            ],
            "time": "2015-12-15 17:04:40"
        },
        {
            "name": "sendgrid/smtpapi",
            "version": "0.5.0",
            "source": {
                "type": "git",
                "url": "https://github.com/sendgrid/smtpapi-php.git",
                "reference": "05ccf57bad5d1524e479b6dc0a2dfade88b3fbe5"
            },
            "dist": {
                "type": "zip",
                "url": "https://api.github.com/repos/sendgrid/smtpapi-php/zipball/05ccf57bad5d1524e479b6dc0a2dfade88b3fbe5",
                "reference": "05ccf57bad5d1524e479b6dc0a2dfade88b3fbe5",
                "shasum": ""
            },
            "require": {
                "php": ">=5.3"
            },
            "replace": {
                "sendgrid/smtpapi-php": "*"
            },
            "require-dev": {
                "phpunit/phpunit": "3.7.*"
            },
            "type": "library",
            "autoload": {
                "psr-0": {
                    "Smtpapi": "lib/"
                }
            },
            "notification-url": "https://packagist.org/downloads/",
            "license": [
                "MIT"
            ],
            "description": "Build SendGrid X-SMTPAPI headers in PHP.",
            "homepage": "http://github.com/sendgrid/smtpapi-php",
            "keywords": [
                "X-SMTP",
                "api",
                "email",
                "grid",
                "send",
                "sendgrid",
                "smtp",
                "smtpapi",
                "xsmtp"
            ],
            "time": "2015-04-14 02:37:45"
        },
        {
            "name": "symfony/event-dispatcher",
            "version": "v2.8.1",
            "source": {
                "type": "git",
                "url": "https://github.com/symfony/event-dispatcher.git",
                "reference": "a5eb815363c0388e83247e7e9853e5dbc14999cc"
            },
            "dist": {
                "type": "zip",
                "url": "https://api.github.com/repos/symfony/event-dispatcher/zipball/a5eb815363c0388e83247e7e9853e5dbc14999cc",
                "reference": "a5eb815363c0388e83247e7e9853e5dbc14999cc",
                "shasum": ""
            },
            "require": {
                "php": ">=5.3.9"
            },
            "require-dev": {
                "psr/log": "~1.0",
                "symfony/config": "~2.0,>=2.0.5|~3.0.0",
                "symfony/dependency-injection": "~2.6|~3.0.0",
                "symfony/expression-language": "~2.6|~3.0.0",
                "symfony/stopwatch": "~2.3|~3.0.0"
            },
            "suggest": {
                "symfony/dependency-injection": "",
                "symfony/http-kernel": ""
            },
            "type": "library",
            "extra": {
                "branch-alias": {
                    "dev-master": "2.8-dev"
                }
            },
            "autoload": {
                "psr-4": {
                    "Symfony\\Component\\EventDispatcher\\": ""
                },
                "exclude-from-classmap": [
                    "/Tests/"
                ]
            },
            "notification-url": "https://packagist.org/downloads/",
            "license": [
                "MIT"
            ],
            "authors": [
                {
                    "name": "Fabien Potencier",
                    "email": "fabien@symfony.com"
                },
                {
                    "name": "Symfony Community",
                    "homepage": "https://symfony.com/contributors"
                }
            ],
            "description": "Symfony EventDispatcher Component",
            "homepage": "https://symfony.com",
            "time": "2015-10-30 20:15:42"
        },
        {
            "name": "tumblr/tumblr",
            "version": "v0.2.0",
            "source": {
                "type": "git",
                "url": "https://github.com/tumblr/tumblr.php.git",
                "reference": "efbae0a1a4079eeb8b895a40314b04499e63b1b7"
            },
            "dist": {
                "type": "zip",
                "url": "https://api.github.com/repos/tumblr/tumblr.php/zipball/efbae0a1a4079eeb8b895a40314b04499e63b1b7",
                "reference": "efbae0a1a4079eeb8b895a40314b04499e63b1b7",
                "shasum": ""
            },
            "require": {
                "eher/oauth": "1.0.*",
                "guzzle/guzzle": ">=3.1.0,<4"
            },
            "require-dev": {
                "phpunit/phpunit": "*"
            },
            "type": "library",
            "autoload": {
                "psr-0": {
                    "Tumblr\\API": "lib"
                }
            },
            "notification-url": "https://packagist.org/downloads/",
            "license": [
                "Apache-2.0"
            ],
            "authors": [
                {
                    "name": "John Crepezzi",
                    "email": "john.crepezzi@gmail.com",
                    "homepage": "https://github.com/seejohnrun",
                    "role": "developer"
                }
            ],
            "description": "Official Tumblr PHP Client",
            "homepage": "https://github.com/tumblr/tumblr.php",
            "keywords": [
                "api",
                "gif",
                "sdk",
                "tumblr"
            ],
            "time": "2014-12-16 21:06:57"
        }
    ],
    "packages-dev": [],
    "aliases": [],
    "minimum-stability": "stable",
    "stability-flags": {
        "pacely/mailchimp-apiv3": 20
    },
    "prefer-stable": false,
    "prefer-lowest": false,
    "platform": [],
    "platform-dev": []
}
